
Microsoft Visual Studio Solution File, Format Version 12.00
# Visual Studio 2017
Project("{FAE04EC0-301F-11D3-BF4B-00C04F79EFBC}") = "Playing around (1)", "Playing around (1).csproj", "{5FE6F071-B64E-777A-8EE4-DC2AF852F5C6}"
EndProject
Project("{FAE04EC0-301F-11D3-BF4B-00C04F79EFBC}") = "Playing around (1).Plugins", "Playing around (1).Plugins.csproj", "{9FD7B234-1740-E881-C286-D7CE0BB983E3}"
EndProject
Project("{FAE04EC0-301F-11D3-BF4B-00C04F79EFBC}") = "Playing around (1).Editor.Plugins", "Playing around (1).Editor.Plugins.csproj", "{02397698-923A-C69E-6395-C9B8DDACD2E7}"
EndProject
Global
	GlobalSection(SolutionConfigurationPlatforms) = preSolution
		Debug|Any CPU = Debug|Any CPU
		Release|Any CPU = Release|Any CPU
	EndGlobalSection
	GlobalSection(ProjectConfigurationPlatforms) = postSolution
		{5FE6F071-B64E-777A-8EE4-DC2AF852F5C6}.Debug|Any CPU.ActiveCfg = Debug|Any CPU
		{5FE6F071-B64E-777A-8EE4-DC2AF852F5C6}.Debug|Any CPU.Build.0 = Debug|Any CPU
		{5FE6F071-B64E-777A-8EE4-DC2AF852F5C6}.Release|Any CPU.ActiveCfg = Release|Any CPU
		{5FE6F071-B64E-777A-8EE4-DC2AF852F5C6}.Release|Any CPU.Build.0 = Release|Any CPU
		{9FD7B234-1740-E881-C286-D7CE0BB983E3}.Debug|Any CPU.ActiveCfg = Debug|Any CPU
		{9FD7B234-1740-E881-C286-D7CE0BB983E3}.Debug|Any CPU.Build.0 = Debug|Any CPU
		{9FD7B234-1740-E881-C286-D7CE0BB983E3}.Release|Any CPU.ActiveCfg = Release|Any CPU
		{9FD7B234-1740-E881-C286-D7CE0BB983E3}.Release|Any CPU.Build.0 = Release|Any CPU
		{02397698-923A-C69E-6395-C9B8DDACD2E7}.Debug|Any CPU.ActiveCfg = Debug|Any CPU
		{02397698-923A-C69E-6395-C9B8DDACD2E7}.Debug|Any CPU.Build.0 = Debug|Any CPU
		{02397698-923A-C69E-6395-C9B8DDACD2E7}.Release|Any CPU.ActiveCfg = Release|Any CPU
		{02397698-923A-C69E-6395-C9B8DDACD2E7}.Release|Any CPU.Build.0 = Release|Any CPU
	EndGlobalSection
	GlobalSection(SolutionProperties) = preSolution
		HideSolutionNode = FALSE
	EndGlobalSection
EndGlobal
